
Microsoft Visual Studio Solution File, Format Version 12.00
# Visual Studio Version 17
VisualStudioVersion = 17.7.34024.191
MinimumVisualStudioVersion = 10.0.40219.1
Project("{FAE04EC0-301F-11D3-BF4B-00C04F79EFBC}") = "Ежедневник", "Ежедневник\Ежедневник.csproj", "{41E5E8BA-9351-437D-A563-6DACB316566C}"
EndProject
Global
	GlobalSection(SolutionConfigurationPlatforms) = preSolution
		Debug|Any CPU = Debug|Any CPU
		Release|Any CPU = Release|Any CPU
	EndGlobalSection
	GlobalSection(ProjectConfigurationPlatforms) = postSolution
		{41E5E8BA-9351-437D-A563-6DACB316566C}.Debug|Any CPU.ActiveCfg = Debug|Any CPU
		{41E5E8BA-9351-437D-A563-6DACB316566C}.Debug|Any CPU.Build.0 = Debug|Any CPU
		{41E5E8BA-9351-437D-A563-6DACB316566C}.Release|Any CPU.ActiveCfg = Release|Any CPU
		{41E5E8BA-9351-437D-A563-6DACB316566C}.Release|Any CPU.Build.0 = Release|Any CPU
	EndGlobalSection
	GlobalSection(SolutionProperties) = preSolution
		HideSolutionNode = FALSE
	EndGlobalSection
	GlobalSection(ExtensibilityGlobals) = postSolution
		SolutionGuid = {5CF9F5FB-4201-4551-8E77-805B3FEE3393}
	EndGlobalSection
EndGlobal
